
Microsoft Visual Studio Solution File, Format Version 12.00
# Visual Studio Version 17
VisualStudioVersion = 17.5.33502.453
MinimumVisualStudioVersion = 10.0.40219.1
Project("{9A19103F-16F7-4668-BE54-9A1E7A4F7556}") = "CondoNexus.Data", "src\CondoNexus.Data\CondoNexus.Data.csproj", "{9C1AED3E-50E1-4C77-8238-7C80FEBB4837}"
EndProject
Project("{9A19103F-16F7-4668-BE54-9A1E7A4F7556}") = "CondoNexus.Business", "src\CondoNexus.Business\CondoNexus.Business.csproj", "{BD621F61-8095-4C76-B680-E9F53100BA1E}"
EndProject
Project("{FAE04EC0-301F-11D3-BF4B-00C04F79EFBC}") = "CondoNexus.API", "src\CondoNexus.API\CondoNexus.API.csproj", "{3939E3CA-887F-47B9-A441-F5C74331DC5E}"
EndProject
Global
	GlobalSection(SolutionConfigurationPlatforms) = preSolution
		Debug|Any CPU = Debug|Any CPU
		Release|Any CPU = Release|Any CPU
	EndGlobalSection
	GlobalSection(ProjectConfigurationPlatforms) = postSolution
		{9C1AED3E-50E1-4C77-8238-7C80FEBB4837}.Debug|Any CPU.ActiveCfg = Debug|Any CPU
		{9C1AED3E-50E1-4C77-8238-7C80FEBB4837}.Debug|Any CPU.Build.0 = Debug|Any CPU
		{9C1AED3E-50E1-4C77-8238-7C80FEBB4837}.Release|Any CPU.ActiveCfg = Release|Any CPU
		{9C1AED3E-50E1-4C77-8238-7C80FEBB4837}.Release|Any CPU.Build.0 = Release|Any CPU
		{BD621F61-8095-4C76-B680-E9F53100BA1E}.Debug|Any CPU.ActiveCfg = Debug|Any CPU
		{BD621F61-8095-4C76-B680-E9F53100BA1E}.Debug|Any CPU.Build.0 = Debug|Any CPU
		{BD621F61-8095-4C76-B680-E9F53100BA1E}.Release|Any CPU.ActiveCfg = Release|Any CPU
		{BD621F61-8095-4C76-B680-E9F53100BA1E}.Release|Any CPU.Build.0 = Release|Any CPU
		{3939E3CA-887F-47B9-A441-F5C74331DC5E}.Debug|Any CPU.ActiveCfg = Debug|Any CPU
		{3939E3CA-887F-47B9-A441-F5C74331DC5E}.Debug|Any CPU.Build.0 = Debug|Any CPU
		{3939E3CA-887F-47B9-A441-F5C74331DC5E}.Release|Any CPU.ActiveCfg = Release|Any CPU
		{3939E3CA-887F-47B9-A441-F5C74331DC5E}.Release|Any CPU.Build.0 = Release|Any CPU
	EndGlobalSection
	GlobalSection(SolutionProperties) = preSolution
		HideSolutionNode = FALSE
	EndGlobalSection
	GlobalSection(ExtensibilityGlobals) = postSolution
		SolutionGuid = {4C857D24-4DCE-4A04-BFBC-101EAE171DFD}
	EndGlobalSection
EndGlobal
